
Microsoft Visual Studio Solution File, Format Version 12.00
# Visual Studio Version 16
VisualStudioVersion = 16.0.31005.135
MinimumVisualStudioVersion = 10.0.40219.1
Project("{FAE04EC0-301F-11D3-BF4B-00C04F79EFBC}") = "TripUp.UWP", "TripUp.UWP\TripUp.UWP.csproj", "{EBEFF71E-3296-4AAB-99B6-495B964CEAC7}"
EndProject
Project("{FAE04EC0-301F-11D3-BF4B-00C04F79EFBC}") = "TripUp.Android", "TripUp.Android\TripUp.Android.csproj", "{93092BC3-7C43-40FB-8069-3FAF3B9774A8}"
EndProject
Project("{FAE04EC0-301F-11D3-BF4B-00C04F79EFBC}") = "TripUp.iOS", "TripUp.iOS\TripUp.iOS.csproj", "{B0B3DFC6-2C2B-4776-ACAF-1DCC2FE736A8}"
EndProject
Project("{FAE04EC0-301F-11D3-BF4B-00C04F79EFBC}") = "TripUp", "TripUp\TripUp.csproj", "{27894C8A-351F-492D-A4B8-A6FAE13751EF}"
EndProject
Global
	GlobalSection(SolutionConfigurationPlatforms) = preSolution
		Debug|Any CPU = Debug|Any CPU
		Debug|ARM = Debug|ARM
		Debug|iPhone = Debug|iPhone
		Debug|iPhoneSimulator = Debug|iPhoneSimulator
		Debug|x64 = Debug|x64
		Debug|x86 = Debug|x86
		Release|Any CPU = Release|Any CPU
		Release|ARM = Release|ARM
		Release|iPhone = Release|iPhone
		Release|iPhoneSimulator = Release|iPhoneSimulator
		Release|x64 = Release|x64
		Release|x86 = Release|x86
	EndGlobalSection
	GlobalSection(ProjectConfigurationPlatforms) = postSolution
		{EBEFF71E-3296-4AAB-99B6-495B964CEAC7}.Debug|Any CPU.ActiveCfg = Debug|x86
		{EBEFF71E-3296-4AAB-99B6-495B964CEAC7}.Debug|Any CPU.Build.0 = Debug|x86
		{EBEFF71E-3296-4AAB-99B6-495B964CEAC7}.Debug|Any CPU.Deploy.0 = Debug|x86
		{EBEFF71E-3296-4AAB-99B6-495B964CEAC7}.Debug|ARM.ActiveCfg = Debug|ARM
		{EBEFF71E-3296-4AAB-99B6-495B964CEAC7}.Debug|ARM.Build.0 = Debug|ARM
		{EBEFF71E-3296-4AAB-99B6-495B964CEAC7}.Debug|ARM.Deploy.0 = Debug|ARM
		{EBEFF71E-3296-4AAB-99B6-495B964CEAC7}.Debug|iPhone.ActiveCfg = Debug|x86
		{EBEFF71E-3296-4AAB-99B6-495B964CEAC7}.Debug|iPhone.Build.0 = Debug|x86
		{EBEFF71E-3296-4AAB-99B6-495B964CEAC7}.Debug|iPhone.Deploy.0 = Debug|x86
		{EBEFF71E-3296-4AAB-99B6-495B964CEAC7}.Debug|iPhoneSimulator.ActiveCfg = Debug|x86
		{EBEFF71E-3296-4AAB-99B6-495B964CEAC7}.Debug|iPhoneSimulator.Build.0 = Debug|x86
		{EBEFF71E-3296-4AAB-99B6-495B964CEAC7}.Debug|iPhoneSimulator.Deploy.0 = Debug|x86
		{EBEFF71E-3296-4AAB-99B6-495B964CEAC7}.Debug|x64.ActiveCfg = Debug|x64
		{EBEFF71E-3296-4AAB-99B6-495B964CEAC7}.Debug|x64.Build.0 = Debug|x64
		{EBEFF71E-3296-4AAB-99B6-495B964CEAC7}.Debug|x64.Deploy.0 = Debug|x64
		{EBEFF71E-3296-4AAB-99B6-495B964CEAC7}.Debug|x86.ActiveCfg = Debug|x86
		{EBEFF71E-3296-4AAB-99B6-495B964CEAC7}.Debug|x86.Build.0 = Debug|x86
		{EBEFF71E-3296-4AAB-99B6-495B964CEAC7}.Debug|x86.Deploy.0 = Debug|x86
		{EBEFF71E-3296-4AAB-99B6-495B964CEAC7}.Release|Any CPU.ActiveCfg = Release|x86
		{EBEFF71E-3296-4AAB-99B6-495B964CEAC7}.Release|Any CPU.Build.0 = Release|x86
		{EBEFF71E-3296-4AAB-99B6-495B964CEAC7}.Release|Any CPU.Deploy.0 = Release|x86
		{EBEFF71E-3296-4AAB-99B6-495B964CEAC7}.Release|ARM.ActiveCfg = Release|ARM
		{EBEFF71E-3296-4AAB-99B6-495B964CEAC7}.Release|ARM.Build.0 = Release|ARM
		{EBEFF71E-3296-4AAB-99B6-495B964CEAC7}.Release|ARM.Deploy.0 = Release|ARM
		{EBEFF71E-3296-4AAB-99B6-495B964CEAC7}.Release|iPhone.ActiveCfg = Release|x86
		{EBEFF71E-3296-4AAB-99B6-495B964CEAC7}.Release|iPhone.Build.0 = Release|x86
		{EBEFF71E-3296-4AAB-99B6-495B964CEAC7}.Release|iPhone.Deploy.0 = Release|x86
		{EBEFF71E-3296-4AAB-99B6-495B964CEAC7}.Release|iPhoneSimulator.ActiveCfg = Release|x86
		{EBEFF71E-3296-4AAB-99B6-495B964CEAC7}.Release|iPhoneSimulator.Build.0 = Release|x86
		{EBEFF71E-3296-4AAB-99B6-495B964CEAC7}.Release|iPhoneSimulator.Deploy.0 = Release|x86
		{EBEFF71E-3296-4AAB-99B6-495B964CEAC7}.Release|x64.ActiveCfg = Release|x64
		{EBEFF71E-3296-4AAB-99B6-495B964CEAC7}.Release|x64.Build.0 = Release|x64
		{EBEFF71E-3296-4AAB-99B6-495B964CEAC7}.Release|x64.Deploy.0 = Release|x64
		{EBEFF71E-3296-4AAB-99B6-495B964CEAC7}.Release|x86.ActiveCfg = Release|x86
		{EBEFF71E-3296-4AAB-99B6-495B964CEAC7}.Release|x86.Build.0 = Release|x86
		{EBEFF71E-3296-4AAB-99B6-495B964CEAC7}.Release|x86.Deploy.0 = Release|x86
		{93092BC3-7C43-40FB-8069-3FAF3B9774A8}.Debug|Any CPU.ActiveCfg = Debug|Any CPU
		{93092BC3-7C43-40FB-8069-3FAF3B9774A8}.Debug|Any CPU.Build.0 = Debug|Any CPU
		{93092BC3-7C43-40FB-8069-3FAF3B9774A8}.Debug|Any CPU.Deploy.0 = Debug|Any CPU
		{93092BC3-7C43-40FB-8069-3FAF3B9774A8}.Debug|ARM.ActiveCfg = Debug|Any CPU
		{93092BC3-7C43-40FB-8069-3FAF3B9774A8}.Debug|ARM.Build.0 = Debug|Any CPU
		{93092BC3-7C43-40FB-8069-3FAF3B9774A8}.Debug|ARM.Deploy.0 = Debug|Any CPU
		{93092BC3-7C43-40FB-8069-3FAF3B9774A8}.Debug|iPhone.ActiveCfg = Debug|Any CPU
		{93092BC3-7C43-40FB-8069-3FAF3B9774A8}.Debug|iPhone.Build.0 = Debug|Any CPU
		{93092BC3-7C43-40FB-8069-3FAF3B9774A8}.Debug|iPhone.Deploy.0 = Debug|Any CPU
		{93092BC3-7C43-40FB-8069-3FAF3B9774A8}.Debug|iPhoneSimulator.ActiveCfg = Debug|Any CPU
		{93092BC3-7C43-40FB-8069-3FAF3B9774A8}.Debug|iPhoneSimulator.Build.0 = Debug|Any CPU
		{93092BC3-7C43-40FB-8069-3FAF3B9774A8}.Debug|iPhoneSimulator.Deploy.0 = Debug|Any CPU
		{93092BC3-7C43-40FB-8069-3FAF3B9774A8}.Debug|x64.ActiveCfg = Debug|Any CPU
		{93092BC3-7C43-40FB-8069-3FAF3B9774A8}.Debug|x64.Build.0 = Debug|Any CPU
		{93092BC3-7C43-40FB-8069-3FAF3B9774A8}.Debug|x64.Deploy.0 = Debug|Any CPU
		{93092BC3-7C43-40FB-8069-3FAF3B9774A8}.Debug|x86.ActiveCfg = Debug|Any CPU
		{93092BC3-7C43-40FB-8069-3FAF3B9774A8}.Debug|x86.Build.0 = Debug|Any CPU
		{93092BC3-7C43-40FB-8069-3FAF3B9774A8}.Debug|x86.Deploy.0 = Debug|Any CPU
		{93092BC3-7C43-40FB-8069-3FAF3B9774A8}.Release|Any CPU.ActiveCfg = Release|Any CPU
		{93092BC3-7C43-40FB-8069-3FAF3B9774A8}.Release|Any CPU.Build.0 = Release|Any CPU
		{93092BC3-7C43-40FB-8069-3FAF3B9774A8}.Release|Any CPU.Deploy.0 = Release|Any CPU
		{93092BC3-7C43-40FB-8069-3FAF3B9774A8}.Release|ARM.ActiveCfg = Release|Any CPU
		{93092BC3-7C43-40FB-8069-3FAF3B9774A8}.Release|ARM.Build.0 = Release|Any CPU
		{93092BC3-7C43-40FB-8069-3FAF3B9774A8}.Release|ARM.Deploy.0 = Release|Any CPU
		{93092BC3-7C43-40FB-8069-3FAF3B9774A8}.Release|iPhone.ActiveCfg = Release|Any CPU
		{93092BC3-7C43-40FB-8069-3FAF3B9774A8}.Release|iPhone.Build.0 = Release|Any CPU
		{93092BC3-7C43-40FB-8069-3FAF3B9774A8}.Release|iPhone.Deploy.0 = Release|Any CPU
		{93092BC3-7C43-40FB-8069-3FAF3B9774A8}.Release|iPhoneSimulator.ActiveCfg = Release|Any CPU
		{93092BC3-7C43-40FB-8069-3FAF3B9774A8}.Release|iPhoneSimulator.Build.0 = Release|Any CPU
		{93092BC3-7C43-40FB-8069-3FAF3B9774A8}.Release|iPhoneSimulator.Deploy.0 = Release|Any CPU
		{93092BC3-7C43-40FB-8069-3FAF3B9774A8}.Release|x64.ActiveCfg = Release|Any CPU
		{93092BC3-7C43-40FB-8069-3FAF3B9774A8}.Release|x64.Build.0 = Release|Any CPU
		{93092BC3-7C43-40FB-8069-3FAF3B9774A8}.Release|x64.Deploy.0 = Release|Any CPU
		{93092BC3-7C43-40FB-8069-3FAF3B9774A8}.Release|x86.ActiveCfg = Release|Any CPU
		{93092BC3-7C43-40FB-8069-3FAF3B9774A8}.Release|x86.Build.0 = Release|Any CPU
		{93092BC3-7C43-40FB-8069-3FAF3B9774A8}.Release|x86.Deploy.0 = Release|Any CPU
		{B0B3DFC6-2C2B-4776-ACAF-1DCC2FE736A8}.Debug|Any CPU.ActiveCfg = Debug|iPhoneSimulator
		{B0B3DFC6-2C2B-4776-ACAF-1DCC2FE736A8}.Debug|Any CPU.Build.0 = Debug|iPhoneSimulator
		{B0B3DFC6-2C2B-4776-ACAF-1DCC2FE736A8}.Debug|Any CPU.Deploy.0 = Debug|iPhoneSimulator
		{B0B3DFC6-2C2B-4776-ACAF-1DCC2FE736A8}.Debug|ARM.ActiveCfg = Debug|iPhone
		{B0B3DFC6-2C2B-4776-ACAF-1DCC2FE736A8}.Debug|ARM.Build.0 = Debug|iPhone
		{B0B3DFC6-2C2B-4776-ACAF-1DCC2FE736A8}.Debug|ARM.Deploy.0 = Debug|iPhone
		{B0B3DFC6-2C2B-4776-ACAF-1DCC2FE736A8}.Debug|iPhone.ActiveCfg = Debug|iPhone
		{B0B3DFC6-2C2B-4776-ACAF-1DCC2FE736A8}.Debug|iPhone.Build.0 = Debug|iPhone
		{B0B3DFC6-2C2B-4776-ACAF-1DCC2FE736A8}.Debug|iPhone.Deploy.0 = Debug|iPhone
		{B0B3DFC6-2C2B-4776-ACAF-1DCC2FE736A8}.Debug|iPhoneSimulator.ActiveCfg = Debug|iPhoneSimulator
		{B0B3DFC6-2C2B-4776-ACAF-1DCC2FE736A8}.Debug|iPhoneSimulator.Build.0 = Debug|iPhoneSimulator
		{B0B3DFC6-2C2B-4776-ACAF-1DCC2FE736A8}.Debug|iPhoneSimulator.Deploy.0 = Debug|iPhoneSimulator
		{B0B3DFC6-2C2B-4776-ACAF-1DCC2FE736A8}.Debug|x64.ActiveCfg = Debug|iPhoneSimulator
		{B0B3DFC6-2C2B-4776-ACAF-1DCC2FE736A8}.Debug|x64.Build.0 = Debug|iPhoneSimulator
		{B0B3DFC6-2C2B-4776-ACAF-1DCC2FE736A8}.Debug|x64.Deploy.0 = Debug|iPhoneSimulator
		{B0B3DFC6-2C2B-4776-ACAF-1DCC2FE736A8}.Debug|x86.ActiveCfg = Debug|iPhoneSimulator
		{B0B3DFC6-2C2B-4776-ACAF-1DCC2FE736A8}.Debug|x86.Build.0 = Debug|iPhoneSimulator
		{B0B3DFC6-2C2B-4776-ACAF-1DCC2FE736A8}.Debug|x86.Deploy.0 = Debug|iPhoneSimulator
		{B0B3DFC6-2C2B-4776-ACAF-1DCC2FE736A8}.Release|Any CPU.ActiveCfg = Release|iPhoneSimulator
		{B0B3DFC6-2C2B-4776-ACAF-1DCC2FE736A8}.Release|Any CPU.Build.0 = Release|iPhoneSimulator
		{B0B3DFC6-2C2B-4776-ACAF-1DCC2FE736A8}.Release|Any CPU.Deploy.0 = Release|iPhoneSimulator
		{B0B3DFC6-2C2B-4776-ACAF-1DCC2FE736A8}.Release|ARM.ActiveCfg = Release|iPhoneSimulator
		{B0B3DFC6-2C2B-4776-ACAF-1DCC2FE736A8}.Release|ARM.Build.0 = Release|iPhoneSimulator
		{B0B3DFC6-2C2B-4776-ACAF-1DCC2FE736A8}.Release|ARM.Deploy.0 = Release|iPhoneSimulator
		{B0B3DFC6-2C2B-4776-ACAF-1DCC2FE736A8}.Release|iPhone.ActiveCfg = Release|iPhone
		{B0B3DFC6-2C2B-4776-ACAF-1DCC2FE736A8}.Release|iPhone.Build.0 = Release|iPhone
		{B0B3DFC6-2C2B-4776-ACAF-1DCC2FE736A8}.Release|iPhone.Deploy.0 = Release|iPhone
		{B0B3DFC6-2C2B-4776-ACAF-1DCC2FE736A8}.Release|iPhoneSimulator.ActiveCfg = Release|iPhoneSimulator
		{B0B3DFC6-2C2B-4776-ACAF-1DCC2FE736A8}.Release|iPhoneSimulator.Build.0 = Release|iPhoneSimulator
		{B0B3DFC6-2C2B-4776-ACAF-1DCC2FE736A8}.Release|iPhoneSimulator.Deploy.0 = Release|iPhoneSimulator
		{B0B3DFC6-2C2B-4776-ACAF-1DCC2FE736A8}.Release|x64.ActiveCfg = Release|iPhoneSimulator
		{B0B3DFC6-2C2B-4776-ACAF-1DCC2FE736A8}.Release|x64.Build.0 = Release|iPhoneSimulator
		{B0B3DFC6-2C2B-4776-ACAF-1DCC2FE736A8}.Release|x64.Deploy.0 = Release|iPhoneSimulator
		{B0B3DFC6-2C2B-4776-ACAF-1DCC2FE736A8}.Release|x86.ActiveCfg = Release|iPhoneSimulator
		{B0B3DFC6-2C2B-4776-ACAF-1DCC2FE736A8}.Release|x86.Build.0 = Release|iPhoneSimulator
		{B0B3DFC6-2C2B-4776-ACAF-1DCC2FE736A8}.Release|x86.Deploy.0 = Release|iPhoneSimulator
		{27894C8A-351F-492D-A4B8-A6FAE13751EF}.Debug|Any CPU.ActiveCfg = Debug|Any CPU
		{27894C8A-351F-492D-A4B8-A6FAE13751EF}.Debug|Any CPU.Build.0 = Debug|Any CPU
		{27894C8A-351F-492D-A4B8-A6FAE13751EF}.Debug|Any CPU.Deploy.0 = Debug|Any CPU
		{27894C8A-351F-492D-A4B8-A6FAE13751EF}.Debug|ARM.ActiveCfg = Debug|Any CPU
		{27894C8A-351F-492D-A4B8-A6FAE13751EF}.Debug|ARM.Build.0 = Debug|Any CPU
		{27894C8A-351F-492D-A4B8-A6FAE13751EF}.Debug|ARM.Deploy.0 = Debug|Any CPU
		{27894C8A-351F-492D-A4B8-A6FAE13751EF}.Debug|iPhone.ActiveCfg = Debug|Any CPU
		{27894C8A-351F-492D-A4B8-A6FAE13751EF}.Debug|iPhone.Build.0 = Debug|Any CPU
		{27894C8A-351F-492D-A4B8-A6FAE13751EF}.Debug|iPhone.Deploy.0 = Debug|Any CPU
		{27894C8A-351F-492D-A4B8-A6FAE13751EF}.Debug|iPhoneSimulator.ActiveCfg = Debug|Any CPU
		{27894C8A-351F-492D-A4B8-A6FAE13751EF}.Debug|iPhoneSimulator.Build.0 = Debug|Any CPU
		{27894C8A-351F-492D-A4B8-A6FAE13751EF}.Debug|iPhoneSimulator.Deploy.0 = Debug|Any CPU
		{27894C8A-351F-492D-A4B8-A6FAE13751EF}.Debug|x64.ActiveCfg = Debug|Any CPU
		{27894C8A-351F-492D-A4B8-A6FAE13751EF}.Debug|x64.Build.0 = Debug|Any CPU
		{27894C8A-351F-492D-A4B8-A6FAE13751EF}.Debug|x64.Deploy.0 = Debug|Any CPU
		{27894C8A-351F-492D-A4B8-A6FAE13751EF}.Debug|x86.ActiveCfg = Debug|Any CPU
		{27894C8A-351F-492D-A4B8-A6FAE13751EF}.Debug|x86.Build.0 = Debug|Any CPU
		{27894C8A-351F-492D-A4B8-A6FAE13751EF}.Debug|x86.Deploy.0 = Debug|Any CPU
		{27894C8A-351F-492D-A4B8-A6FAE13751EF}.Release|Any CPU.ActiveCfg = Release|Any CPU
		{27894C8A-351F-492D-A4B8-A6FAE13751EF}.Release|Any CPU.Build.0 = Release|Any CPU
		{27894C8A-351F-492D-A4B8-A6FAE13751EF}.Release|Any CPU.Deploy.0 = Release|Any CPU
		{27894C8A-351F-492D-A4B8-A6FAE13751EF}.Release|ARM.ActiveCfg = Release|Any CPU
		{27894C8A-351F-492D-A4B8-A6FAE13751EF}.Release|ARM.Build.0 = Release|Any CPU
		{27894C8A-351F-492D-A4B8-A6FAE13751EF}.Release|ARM.Deploy.0 = Release|Any CPU
		{27894C8A-351F-492D-A4B8-A6FAE13751EF}.Release|iPhone.ActiveCfg = Release|Any CPU
		{27894C8A-351F-492D-A4B8-A6FAE13751EF}.Release|iPhone.Build.0 = Release|Any CPU
		{27894C8A-351F-492D-A4B8-A6FAE13751EF}.Release|iPhone.Deploy.0 = Release|Any CPU
		{27894C8A-351F-492D-A4B8-A6FAE13751EF}.Release|iPhoneSimulator.ActiveCfg = Release|Any CPU
		{27894C8A-351F-492D-A4B8-A6FAE13751EF}.Release|iPhoneSimulator.Build.0 = Release|Any CPU
		{27894C8A-351F-492D-A4B8-A6FAE13751EF}.Release|iPhoneSimulator.Deploy.0 = Release|Any CPU
		{27894C8A-351F-492D-A4B8-A6FAE13751EF}.Release|x64.ActiveCfg = Release|Any CPU
		{27894C8A-351F-492D-A4B8-A6FAE13751EF}.Release|x64.Build.0 = Release|Any CPU
		{27894C8A-351F-492D-A4B8-A6FAE13751EF}.Release|x64.Deploy.0 = Release|Any CPU
		{27894C8A-351F-492D-A4B8-A6FAE13751EF}.Release|x86.ActiveCfg = Release|Any CPU
		{27894C8A-351F-492D-A4B8-A6FAE13751EF}.Release|x86.Build.0 = Release|Any CPU
		{27894C8A-351F-492D-A4B8-A6FAE13751EF}.Release|x86.Deploy.0 = Release|Any CPU
	EndGlobalSection
	GlobalSection(SolutionProperties) = preSolution
		HideSolutionNode = FALSE
	EndGlobalSection
	GlobalSection(ExtensibilityGlobals) = postSolution
		SolutionGuid = {CD03D8D1-4A5C-41DD-8E42-8CB98C8AF63B}
	EndGlobalSection
EndGlobal
